
Microsoft Visual Studio Solution File, Format Version 12.00
# Visual Studio Version 16
VisualStudioVersion = 16.0.29721.120
MinimumVisualStudioVersion = 10.0.40219.1
Project("{9A19103F-16F7-4668-BE54-9A1E7A4F7556}") = "ConsoleCS", "ConsoleCS\ConsoleCS.csproj", "{FEBF70C4-A40A-4D5E-9910-38E9B320ACD1}"
EndProject
Project("{9A19103F-16F7-4668-BE54-9A1E7A4F7556}") = "WinFormCS", "WinFormCS\WinFormCS.csproj", "{18E6765E-B052-4C8F-AA8E-CC185D00E6A6}"
EndProject
Project("{2150E333-8FDC-42A3-9474-1A3956D46DE8}") = "CSharpBasic", "CSharpBasic", "{C4DD8168-9509-49D2-B06F-190083D5B2F8}"
EndProject
Project("{9A19103F-16F7-4668-BE54-9A1E7A4F7556}") = "LatihanVariable", "LatihanVariable\LatihanVariable.csproj", "{91DE197A-D88D-407B-A21F-1C6D559EF31A}"
EndProject
Project("{9A19103F-16F7-4668-BE54-9A1E7A4F7556}") = "LatihanOperatorAritmatika", "LatihanOperatorAritmatika\LatihanOperatorAritmatika.csproj", "{85B3C4C5-62D5-4993-8A32-8114B4BE129F}"
EndProject
Project("{9A19103F-16F7-4668-BE54-9A1E7A4F7556}") = "LatihanOperatorLogika", "LatihanOpeartorLogika\LatihanOperatorLogika.csproj", "{EDE8A110-B953-4D85-B668-FA7CA35C31E6}"
EndProject
Project("{9A19103F-16F7-4668-BE54-9A1E7A4F7556}") = "LatihanOperatorEquality", "LatihanOperatorEquality\LatihanOperatorEquality.csproj", "{6B8E1ECD-FC03-4D66-8C21-03F2F97FC431}"
EndProject
Project("{9A19103F-16F7-4668-BE54-9A1E7A4F7556}") = "LatihanOperatorOrder", "LatihanOperatorOrder\LatihanOperatorOrder.csproj", "{3AA3C4B6-08ED-4A02-B33D-0EB9A45B48D0}"
EndProject
Project("{9A19103F-16F7-4668-BE54-9A1E7A4F7556}") = "LatihanStatement", "LatihanStatement\LatihanStatement.csproj", "{B1948AA4-13B3-4105-B7F1-9103FEDC5F42}"
EndProject
Project("{9A19103F-16F7-4668-BE54-9A1E7A4F7556}") = "LatihanArray", "LatihanArray\LatihanArray.csproj", "{4EA5FA0C-B346-4132-AFBB-65954D31FC9E}"
EndProject
Project("{FAE04EC0-301F-11D3-BF4B-00C04F79EFBC}") = "LatihanPercabanganIf", "LatihanPercabanganIf\LatihanPercabanganIf.csproj", "{08AEEA01-CD5C-437E-8588-E1E462673541}"
EndProject
Project("{FAE04EC0-301F-11D3-BF4B-00C04F79EFBC}") = "LatihanPercabanganSwitch", "LatihanPercabanganSwitch\LatihanPercabanganSwitch.csproj", "{32CED5C6-725C-415B-A88D-3F7F62E31C9D}"
EndProject
Project("{FAE04EC0-301F-11D3-BF4B-00C04F79EFBC}") = "LatihanPengulanganFor", "LatihanPengulanganFor\LatihanPengulanganFor.csproj", "{D1F242D9-91AE-4E94-88AA-7BEA0E9D0346}"
EndProject
Project("{FAE04EC0-301F-11D3-BF4B-00C04F79EFBC}") = "LatihanPengulanganWhile", "LatihanPengulanganWhile\LatihanPengulanganWhile.csproj", "{64BBD3C0-8887-4F19-B89B-669170CB022D}"
EndProject
Global
	GlobalSection(SolutionConfigurationPlatforms) = preSolution
		Debug|Any CPU = Debug|Any CPU
		Release|Any CPU = Release|Any CPU
	EndGlobalSection
	GlobalSection(ProjectConfigurationPlatforms) = postSolution
		{FEBF70C4-A40A-4D5E-9910-38E9B320ACD1}.Debug|Any CPU.ActiveCfg = Debug|Any CPU
		{FEBF70C4-A40A-4D5E-9910-38E9B320ACD1}.Debug|Any CPU.Build.0 = Debug|Any CPU
		{FEBF70C4-A40A-4D5E-9910-38E9B320ACD1}.Release|Any CPU.ActiveCfg = Release|Any CPU
		{FEBF70C4-A40A-4D5E-9910-38E9B320ACD1}.Release|Any CPU.Build.0 = Release|Any CPU
		{18E6765E-B052-4C8F-AA8E-CC185D00E6A6}.Debug|Any CPU.ActiveCfg = Debug|Any CPU
		{18E6765E-B052-4C8F-AA8E-CC185D00E6A6}.Debug|Any CPU.Build.0 = Debug|Any CPU
		{18E6765E-B052-4C8F-AA8E-CC185D00E6A6}.Release|Any CPU.ActiveCfg = Release|Any CPU
		{18E6765E-B052-4C8F-AA8E-CC185D00E6A6}.Release|Any CPU.Build.0 = Release|Any CPU
		{91DE197A-D88D-407B-A21F-1C6D559EF31A}.Debug|Any CPU.ActiveCfg = Debug|Any CPU
		{91DE197A-D88D-407B-A21F-1C6D559EF31A}.Debug|Any CPU.Build.0 = Debug|Any CPU
		{91DE197A-D88D-407B-A21F-1C6D559EF31A}.Release|Any CPU.ActiveCfg = Release|Any CPU
		{91DE197A-D88D-407B-A21F-1C6D559EF31A}.Release|Any CPU.Build.0 = Release|Any CPU
		{85B3C4C5-62D5-4993-8A32-8114B4BE129F}.Debug|Any CPU.ActiveCfg = Debug|Any CPU
		{85B3C4C5-62D5-4993-8A32-8114B4BE129F}.Debug|Any CPU.Build.0 = Debug|Any CPU
		{85B3C4C5-62D5-4993-8A32-8114B4BE129F}.Release|Any CPU.ActiveCfg = Release|Any CPU
		{85B3C4C5-62D5-4993-8A32-8114B4BE129F}.Release|Any CPU.Build.0 = Release|Any CPU
		{EDE8A110-B953-4D85-B668-FA7CA35C31E6}.Debug|Any CPU.ActiveCfg = Debug|Any CPU
		{EDE8A110-B953-4D85-B668-FA7CA35C31E6}.Debug|Any CPU.Build.0 = Debug|Any CPU
		{EDE8A110-B953-4D85-B668-FA7CA35C31E6}.Release|Any CPU.ActiveCfg = Release|Any CPU
		{EDE8A110-B953-4D85-B668-FA7CA35C31E6}.Release|Any CPU.Build.0 = Release|Any CPU
		{6B8E1ECD-FC03-4D66-8C21-03F2F97FC431}.Debug|Any CPU.ActiveCfg = Debug|Any CPU
		{6B8E1ECD-FC03-4D66-8C21-03F2F97FC431}.Debug|Any CPU.Build.0 = Debug|Any CPU
		{6B8E1ECD-FC03-4D66-8C21-03F2F97FC431}.Release|Any CPU.ActiveCfg = Release|Any CPU
		{6B8E1ECD-FC03-4D66-8C21-03F2F97FC431}.Release|Any CPU.Build.0 = Release|Any CPU
		{3AA3C4B6-08ED-4A02-B33D-0EB9A45B48D0}.Debug|Any CPU.ActiveCfg = Debug|Any CPU
		{3AA3C4B6-08ED-4A02-B33D-0EB9A45B48D0}.Debug|Any CPU.Build.0 = Debug|Any CPU
		{3AA3C4B6-08ED-4A02-B33D-0EB9A45B48D0}.Release|Any CPU.ActiveCfg = Release|Any CPU
		{3AA3C4B6-08ED-4A02-B33D-0EB9A45B48D0}.Release|Any CPU.Build.0 = Release|Any CPU
		{B1948AA4-13B3-4105-B7F1-9103FEDC5F42}.Debug|Any CPU.ActiveCfg = Debug|Any CPU
		{B1948AA4-13B3-4105-B7F1-9103FEDC5F42}.Debug|Any CPU.Build.0 = Debug|Any CPU
		{B1948AA4-13B3-4105-B7F1-9103FEDC5F42}.Release|Any CPU.ActiveCfg = Release|Any CPU
		{B1948AA4-13B3-4105-B7F1-9103FEDC5F42}.Release|Any CPU.Build.0 = Release|Any CPU
		{4EA5FA0C-B346-4132-AFBB-65954D31FC9E}.Debug|Any CPU.ActiveCfg = Debug|Any CPU
		{4EA5FA0C-B346-4132-AFBB-65954D31FC9E}.Debug|Any CPU.Build.0 = Debug|Any CPU
		{4EA5FA0C-B346-4132-AFBB-65954D31FC9E}.Release|Any CPU.ActiveCfg = Release|Any CPU
		{4EA5FA0C-B346-4132-AFBB-65954D31FC9E}.Release|Any CPU.Build.0 = Release|Any CPU
		{08AEEA01-CD5C-437E-8588-E1E462673541}.Debug|Any CPU.ActiveCfg = Debug|Any CPU
		{08AEEA01-CD5C-437E-8588-E1E462673541}.Debug|Any CPU.Build.0 = Debug|Any CPU
		{08AEEA01-CD5C-437E-8588-E1E462673541}.Release|Any CPU.ActiveCfg = Release|Any CPU
		{08AEEA01-CD5C-437E-8588-E1E462673541}.Release|Any CPU.Build.0 = Release|Any CPU
		{32CED5C6-725C-415B-A88D-3F7F62E31C9D}.Debug|Any CPU.ActiveCfg = Debug|Any CPU
		{32CED5C6-725C-415B-A88D-3F7F62E31C9D}.Debug|Any CPU.Build.0 = Debug|Any CPU
		{32CED5C6-725C-415B-A88D-3F7F62E31C9D}.Release|Any CPU.ActiveCfg = Release|Any CPU
		{32CED5C6-725C-415B-A88D-3F7F62E31C9D}.Release|Any CPU.Build.0 = Release|Any CPU
		{D1F242D9-91AE-4E94-88AA-7BEA0E9D0346}.Debug|Any CPU.ActiveCfg = Debug|Any CPU
		{D1F242D9-91AE-4E94-88AA-7BEA0E9D0346}.Debug|Any CPU.Build.0 = Debug|Any CPU
		{D1F242D9-91AE-4E94-88AA-7BEA0E9D0346}.Release|Any CPU.ActiveCfg = Release|Any CPU
		{D1F242D9-91AE-4E94-88AA-7BEA0E9D0346}.Release|Any CPU.Build.0 = Release|Any CPU
		{64BBD3C0-8887-4F19-B89B-669170CB022D}.Debug|Any CPU.ActiveCfg = Debug|Any CPU
		{64BBD3C0-8887-4F19-B89B-669170CB022D}.Debug|Any CPU.Build.0 = Debug|Any CPU
		{64BBD3C0-8887-4F19-B89B-669170CB022D}.Release|Any CPU.ActiveCfg = Release|Any CPU
		{64BBD3C0-8887-4F19-B89B-669170CB022D}.Release|Any CPU.Build.0 = Release|Any CPU
	EndGlobalSection
	GlobalSection(SolutionProperties) = preSolution
		HideSolutionNode = FALSE
	EndGlobalSection
	GlobalSection(NestedProjects) = preSolution
		{91DE197A-D88D-407B-A21F-1C6D559EF31A} = {C4DD8168-9509-49D2-B06F-190083D5B2F8}
		{85B3C4C5-62D5-4993-8A32-8114B4BE129F} = {C4DD8168-9509-49D2-B06F-190083D5B2F8}
		{EDE8A110-B953-4D85-B668-FA7CA35C31E6} = {C4DD8168-9509-49D2-B06F-190083D5B2F8}
		{6B8E1ECD-FC03-4D66-8C21-03F2F97FC431} = {C4DD8168-9509-49D2-B06F-190083D5B2F8}
		{3AA3C4B6-08ED-4A02-B33D-0EB9A45B48D0} = {C4DD8168-9509-49D2-B06F-190083D5B2F8}
		{B1948AA4-13B3-4105-B7F1-9103FEDC5F42} = {C4DD8168-9509-49D2-B06F-190083D5B2F8}
		{4EA5FA0C-B346-4132-AFBB-65954D31FC9E} = {C4DD8168-9509-49D2-B06F-190083D5B2F8}
		{08AEEA01-CD5C-437E-8588-E1E462673541} = {C4DD8168-9509-49D2-B06F-190083D5B2F8}
		{32CED5C6-725C-415B-A88D-3F7F62E31C9D} = {C4DD8168-9509-49D2-B06F-190083D5B2F8}
		{D1F242D9-91AE-4E94-88AA-7BEA0E9D0346} = {C4DD8168-9509-49D2-B06F-190083D5B2F8}
		{64BBD3C0-8887-4F19-B89B-669170CB022D} = {C4DD8168-9509-49D2-B06F-190083D5B2F8}
	EndGlobalSection
	GlobalSection(ExtensibilityGlobals) = postSolution
		SolutionGuid = {4C0E1408-57C5-4F47-B0F4-4CB0C28BDB41}
	EndGlobalSection
EndGlobal
